// !$*UTF8*$!
{
	archiveVersion = 1;
	classes = {
	};
	objectVersion = 50;
	objects = {

/* Begin PBXBuildFile section */
		6F0BB3C821D6841B00281535 /* AppDelegate.swift in Sources */ = {isa = PBXBuildFile; fileRef = 6F0BB3C721D6841B00281535 /* AppDelegate.swift */; };
		6F0BB3CA21D6841B00281535 /* ViewController.swift in Sources */ = {isa = PBXBuildFile; fileRef = 6F0BB3C921D6841B00281535 /* ViewController.swift */; };
		6F0BB3CD21D6841B00281535 /* Main.storyboard in Resources */ = {isa = PBXBuildFile; fileRef = 6F0BB3CB21D6841B00281535 /* Main.storyboard */; };
		6F0BB3D021D6841B00281535 /* IOHw1.xcdatamodeld in Sources */ = {isa = PBXBuildFile; fileRef = 6F0BB3CE21D6841B00281535 /* IOHw1.xcdatamodeld */; };
		6F0BB3D221D6841C00281535 /* Assets.xcassets in Resources */ = {isa = PBXBuildFile; fileRef = 6F0BB3D121D6841C00281535 /* Assets.xcassets */; };
		6F0BB3D521D6841C00281535 /* LaunchScreen.storyboard in Resources */ = {isa = PBXBuildFile; fileRef = 6F0BB3D321D6841C00281535 /* LaunchScreen.storyboard */; };
/* End PBXBuildFile section */

/* Begin PBXFileReference section */
		6F0BB3C421D6841B00281535 /* IOHw1.app */ = {isa = PBXFileReference; explicitFileType = wrapper.application; includeInIndex = 0; path = IOHw1.app; sourceTree = BUILT_PRODUCTS_DIR; };
		6F0BB3C721D6841B00281535 /* AppDelegate.swift */ = {isa = PBXFileReference; lastKnownFileType = sourcecode.swift; path = AppDelegate.swift; sourceTree = "<group>"; };
		6F0BB3C921D6841B00281535 /* ViewController.swift */ = {isa = PBXFileReference; lastKnownFileType = sourcecode.swift; path = ViewController.swift; sourceTree = "<group>"; };
		6F0BB3CC21D6841B00281535 /* Base */ = {isa = PBXFileReference; lastKnownFileType = file.storyboard; name = Base; path = Base.lproj/Main.storyboard; sourceTree = "<group>"; };
		6F0BB3CF21D6841B00281535 /* IOHw1.xcdatamodel */ = {isa = PBXFileReference; lastKnownFileType = wrapper.xcdatamodel; path = IOHw1.xcdatamodel; sourceTree = "<group>"; };
		6F0BB3D121D6841C00281535 /* Assets.xcassets */ = {isa = PBXFileReference; lastKnownFileType = folder.assetcatalog; path = Assets.xcassets; sourceTree = "<group>"; };
		6F0BB3D421D6841C00281535 /* Base */ = {isa = PBXFileReference; lastKnownFileType = file.storyboard; name = Base; path = Base.lproj/LaunchScreen.storyboard; sourceTree = "<group>"; };
		6F0BB3D621D6841C00281535 /* Info.plist */ = {isa = PBXFileReference; lastKnownFileType = text.plist.xml; path = Info.plist; sourceTree = "<group>"; };
/* End PBXFileReference section */

/* Begin PBXFrameworksBuildPhase section */
		6F0BB3C121D6841B00281535 /* Frameworks */ = {
			isa = PBXFrameworksBuildPhase;
			buildActionMask = 2147483647;
			files = (
			);
			runOnlyForDeploymentPostprocessing = 0;
		};
/* End PBXFrameworksBuildPhase section */

/* Begin PBXGroup section */
		6F0BB3BB21D6841B00281535 = {
			isa = PBXGroup;
			children = (
				6F0BB3C621D6841B00281535 /* IOHw1 */,
				6F0BB3C521D6841B00281535 /* Products */,
			);
			sourceTree = "<group>";
		};
		6F0BB3C521D6841B00281535 /* Products */ = {
			isa = PBXGroup;
			children = (
				6F0BB3C421D6841B00281535 /* IOHw1.app */,
			);
			name = Products;
			sourceTree = "<group>";
		};
		6F0BB3C621D6841B00281535 /* IOHw1 */ = {
			isa = PBXGroup;
			children = (
				6F0BB3C721D6841B00281535 /* AppDelegate.swift */,
				6F0BB3C921D6841B00281535 /* ViewController.swift */,
				6F0BB3CB21D6841B00281535 /* Main.storyboard */,
				6F0BB3D121D6841C00281535 /* Assets.xcassets */,
				6F0BB3D321D6841C00281535 /* LaunchScreen.storyboard */,
				6F0BB3D621D6841C00281535 /* Info.plist */,
				6F0BB3CE21D6841B00281535 /* IOHw1.xcdatamodeld */,
			);
			path = IOHw1;
			sourceTree = "<group>";
		};
/* End PBXGroup section */

/* Begin PBXNativeTarget section */
		6F0BB3C321D6841B00281535 /* IOHw1 */ = {
			isa = PBXNativeTarget;
			buildConfigurationList = 6F0BB3D921D6841C00281535 /* Build configuration list for PBXNativeTarget "IOHw1" */;
			buildPhases = (
				6F0BB3C021D6841B00281535 /* Sources */,
				6F0BB3C121D6841B00281535 /* Frameworks */,
				6F0BB3C221D6841B00281535 /* Resources */,
			);
			buildRules = (
			);
			dependencies = (
			);
			name = IOHw1;
			productName = IOHw1;
			productReference = 6F0BB3C421D6841B00281535 /* IOHw1.app */;
			productType = "com.apple.product-type.application";
		};
/* End PBXNativeTarget section */

/* Begin PBXProject section */
		6F0BB3BC21D6841B00281535 /* Project object */ = {
			isa = PBXProject;
			attributes = {
				LastSwiftUpdateCheck = 1010;
				LastUpgradeCheck = 1010;
				ORGANIZATIONNAME = "윤경민";
				TargetAttributes = {
					6F0BB3C321D6841B00281535 = {
						CreatedOnToolsVersion = 10.1;
					};
				};
			};
			buildConfigurationList = 6F0BB3BF21D6841B00281535 /* Build configuration list for PBXProject "IOHw1" */;
			compatibilityVersion = "Xcode 9.3";
			developmentRegion = en;
			hasScannedForEncodings = 0;
			knownRegions = (
				en,
				Base,
			);
			mainGroup = 6F0BB3BB21D6841B00281535;
			productRefGroup = 6F0BB3C521D6841B00281535 /* Products */;
			projectDirPath = "";
			projectRoot = "";
			targets = (
				6F0BB3C321D6841B00281535 /* IOHw1 */,
			);
		};
/* End PBXProject section */

/* Begin PBXResourcesBuildPhase section */
		6F0BB3C221D6841B00281535 /* Resources */ = {
			isa = PBXResourcesBuildPhase;
			buildActionMask = 2147483647;
			files = (
				6F0BB3D521D6841C00281535 /* LaunchScreen.storyboard in Resources */,
				6F0BB3D221D6841C00281535 /* Assets.xcassets in Resources */,
				6F0BB3CD21D6841B00281535 /* Main.storyboard in Resources */,
			);
			runOnlyForDeploymentPostprocessing = 0;
		};
/* End PBXResourcesBuildPhase section */

/* Begin PBXSourcesBuildPhase section */
		6F0BB3C021D6841B00281535 /* Sources */ = {
			isa = PBXSourcesBuildPhase;
			buildActionMask = 2147483647;
			files = (
				6F0BB3CA21D6841B00281535 /* ViewController.swift in Sources */,
				6F0BB3D021D6841B00281535 /* IOHw1.xcdatamodeld in Sources */,
				6F0BB3C821D6841B00281535 /* AppDelegate.swift in Sources */,
			);
			runOnlyForDeploymentPostprocessing = 0;
		};
/* End PBXSourcesBuildPhase section */

/* Begin PBXVariantGroup section */
		6F0BB3CB21D6841B00281535 /* Main.storyboard */ = {
			isa = PBXVariantGroup;
			children = (
				6F0BB3CC21D6841B00281535 /* Base */,
			);
			name = Main.storyboard;
			sourceTree = "<group>";
		};
		6F0BB3D321D6841C00281535 /* LaunchScreen.storyboard */ = {
			isa = PBXVariantGroup;
			children = (
				6F0BB3D421D6841C00281535 /* Base */,
			);
			name = LaunchScreen.storyboard;
			sourceTree = "<group>";
		};
/* End PBXVariantGroup section */

/* Begin XCBuildConfiguration section */
		6F0BB3D721D6841C00281535 /* Debug */ = {
			isa = XCBuildConfiguration;
			buildSettings = {
				ALWAYS_SEARCH_USER_PATHS = NO;
				CLANG_ANALYZER_NONNULL = YES;
				CLANG_ANALYZER_NUMBER_OBJECT_CONVERSION = YES_AGGRESSIVE;
				CLANG_CXX_LANGUAGE_STANDARD = "gnu++14";
				CLANG_CXX_LIBRARY = "libc++";
				CLANG_ENABLE_MODULES = YES;
				CLANG_ENABLE_OBJC_ARC = YES;
				CLANG_ENABLE_OBJC_WEAK = YES;
				CLANG_WARN_BLOCK_CAPTURE_AUTORELEASING = YES;
				CLANG_WARN_BOOL_CONVERSION = YES;
				CLANG_WARN_COMMA = YES;
				CLANG_WARN_CONSTANT_CONVERSION = YES;
				CLANG_WARN_DEPRECATED_OBJC_IMPLEMENTATIONS = YES;
				CLANG_WARN_DIRECT_OBJC_ISA_USAGE = YES_ERROR;
				CLANG_WARN_DOCUMENTATION_COMMENTS = YES;
				CLANG_WARN_EMPTY_BODY = YES;
				CLANG_WARN_ENUM_CONVERSION = YES;
				CLANG_WARN_INFINITE_RECURSION = YES;
				CLANG_WARN_INT_CONVERSION = YES;
				CLANG_WARN_NON_LITERAL_NULL_CONVERSION = YES;
				CLANG_WARN_OBJC_IMPLICIT_RETAIN_SELF = YES;
				CLANG_WARN_OBJC_LITERAL_CONVERSION = YES;
				CLANG_WARN_OBJC_ROOT_CLASS = YES_ERROR;
				CLANG_WARN_RANGE_LOOP_ANALYSIS = YES;
				CLANG_WARN_STRICT_PROTOTYPES = YES;
				CLANG_WARN_SUSPICIOUS_MOVE = YES;
				CLANG_WARN_UNGUARDED_AVAILABILITY = YES_AGGRESSIVE;
				CLANG_WARN_UNREACHABLE_CODE = YES;
				CLANG_WARN__DUPLICATE_METHOD_MATCH = YES;
				CODE_SIGN_IDENTITY = "iPhone Developer";
				COPY_PHASE_STRIP = NO;
				DEBUG_INFORMATION_FORMAT = dwarf;
				ENABLE_STRICT_OBJC_MSGSEND = YES;
				ENABLE_TESTABILITY = YES;
				GCC_C_LANGUAGE_STANDARD = gnu11;
				GCC_DYNAMIC_NO_PIC = NO;
				GCC_NO_COMMON_BLOCKS = YES;
				GCC_OPTIMIZATION_LEVEL = 0;
				GCC_PREPROCESSOR_DEFINITIONS = (
					"DEBUG=1",
					"$(inherited)",
				);
				GCC_WARN_64_TO_32_BIT_CONVERSION = YES;
				GCC_WARN_ABOUT_RETURN_TYPE = YES_ERROR;
				GCC_WARN_UNDECLARED_SELECTOR = YES;
				GCC_WARN_UNINITIALIZED_AUTOS = YES_AGGRESSIVE;
				GCC_WARN_UNUSED_FUNCTION = YES;
				GCC_WARN_UNUSED_VARIABLE = YES;
				IPHONEOS_DEPLOYMENT_TARGET = 12.1;
				MTL_ENABLE_DEBUG_INFO = INCLUDE_SOURCE;
				MTL_FAST_MATH = YES;
				ONLY_ACTIVE_ARCH = YES;
				SDKROOT = iphoneos;
				SWIFT_ACTIVE_COMPILATION_CONDITIONS = DEBUG;
				SWIFT_OPTIMIZATION_LEVEL = "-Onone";
			};
			name = Debug;
		};
		6F0BB3D821D6841C00281535 /* Release */ = {
			isa = XCBuildConfiguration;
			buildSettings = {
				ALWAYS_SEARCH_USER_PATHS = NO;
				CLANG_ANALYZER_NONNULL = YES;
				CLANG_ANALYZER_NUMBER_OBJECT_CONVERSION = YES_AGGRESSIVE;
				CLANG_CXX_LANGUAGE_STANDARD = "gnu++14";
				CLANG_CXX_LIBRARY = "libc++";
				CLANG_ENABLE_MODULES = YES;
				CLANG_ENABLE_OBJC_ARC = YES;
				CLANG_ENABLE_OBJC_WEAK = YES;
				CLANG_WARN_BLOCK_CAPTURE_AUTORELEASING = YES;
				CLANG_WARN_BOOL_CONVERSION = YES;
				CLANG_WARN_COMMA = YES;
				CLANG_WARN_CONSTANT_CONVERSION = YES;
				CLANG_WARN_DEPRECATED_OBJC_IMPLEMENTATIONS = YES;
				CLANG_WARN_DIRECT_OBJC_ISA_USAGE = YES_ERROR;
				CLANG_WARN_DOCUMENTATION_COMMENTS = YES;
				CLANG_WARN_EMPTY_BODY = YES;
				CLANG_WARN_ENUM_CONVERSION = YES;
				CLANG_WARN_INFINITE_RECURSION = YES;
				CLANG_WARN_INT_CONVERSION = YES;
				CLANG_WARN_NON_LITERAL_NULL_CONVERSION = YES;
				CLANG_WARN_OBJC_IMPLICIT_RETAIN_SELF = YES;
				CLANG_WARN_OBJC_LITERAL_CONVERSION = YES;
				CLANG_WARN_OBJC_ROOT_CLASS = YES_ERROR;
				CLANG_WARN_RANGE_LOOP_ANALYSIS = YES;
				CLANG_WARN_STRICT_PROTOTYPES = YES;
				CLANG_WARN_SUSPICIOUS_MOVE = YES;
				CLANG_WARN_UNGUARDED_AVAILABILITY = YES_AGGRESSIVE;
				CLANG_WARN_UNREACHABLE_CODE = YES;
				CLANG_WARN__DUPLICATE_METHOD_MATCH = YES;
				CODE_SIGN_IDENTITY = "iPhone Developer";
				COPY_PHASE_STRIP = NO;
				DEBUG_INFORMATION_FORMAT = "dwarf-with-dsym";
				ENABLE_NS_ASSERTIONS = NO;
				ENABLE_STRICT_OBJC_MSGSEND = YES;
				GCC_C_LANGUAGE_STANDARD = gnu11;
				GCC_NO_COMMON_BLOCKS = YES;
				GCC_WARN_64_TO_32_BIT_CONVERSION = YES;
				GCC_WARN_ABOUT_RETURN_TYPE = YES_ERROR;
				GCC_WARN_UNDECLARED_SELECTOR = YES;
				GCC_WARN_UNINITIALIZED_AUTOS = YES_AGGRESSIVE;
				GCC_WARN_UNUSED_FUNCTION = YES;
				GCC_WARN_UNUSED_VARIABLE = YES;
				IPHONEOS_DEPLOYMENT_TARGET = 12.1;
				MTL_ENABLE_DEBUG_INFO = NO;
				MTL_FAST_MATH = YES;
				SDKROOT = iphoneos;
				SWIFT_COMPILATION_MODE = wholemodule;
				SWIFT_OPTIMIZATION_LEVEL = "-O";
				VALIDATE_PRODUCT = YES;
			};
			name = Release;
		};
		6F0BB3DA21D6841C00281535 /* Debug */ = {
			isa = XCBuildConfiguration;
			buildSettings = {
				ASSETCATALOG_COMPILER_APPICON_NAME = AppIcon;
				CODE_SIGN_STYLE = Automatic;
				INFOPLIST_FILE = IOHw1/Info.plist;
				LD_RUNPATH_SEARCH_PATHS = (
					"$(inherited)",
					"@executable_path/Frameworks",
				);
				PRODUCT_BUNDLE_IDENTIFIER = com.kyungmin1.IOHw1;
				PRODUCT_NAME = "$(TARGET_NAME)";
				SWIFT_VERSION = 4.2;
				TARGETED_DEVICE_FAMILY = "1,2";
			};
			name = Debug;
		};
		6F0BB3DB21D6841C00281535 /* Release */ = {
			isa = XCBuildConfiguration;
			buildSettings = {
				ASSETCATALOG_COMPILER_APPICON_NAME = AppIcon;
				CODE_SIGN_STYLE = Automatic;
				INFOPLIST_FILE = IOHw1/Info.plist;
				LD_RUNPATH_SEARCH_PATHS = (
					"$(inherited)",
					"@executable_path/Frameworks",
				);
				PRODUCT_BUNDLE_IDENTIFIER = com.kyungmin1.IOHw1;
				PRODUCT_NAME = "$(TARGET_NAME)";
				SWIFT_VERSION = 4.2;
				TARGETED_DEVICE_FAMILY = "1,2";
			};
			name = Release;
		};
/* End XCBuildConfiguration section */

/* Begin XCConfigurationList section */
		6F0BB3BF21D6841B00281535 /* Build configuration list for PBXProject "IOHw1" */ = {
			isa = XCConfigurationList;
			buildConfigurations = (
				6F0BB3D721D6841C00281535 /* Debug */,
				6F0BB3D821D6841C00281535 /* Release */,
			);
			defaultConfigurationIsVisible = 0;
			defaultConfigurationName = Release;
		};
		6F0BB3D921D6841C00281535 /* Build configuration list for PBXNativeTarget "IOHw1" */ = {
			isa = XCConfigurationList;
			buildConfigurations = (
				6F0BB3DA21D6841C00281535 /* Debug */,
				6F0BB3DB21D6841C00281535 /* Release */,
			);
			defaultConfigurationIsVisible = 0;
			defaultConfigurationName = Release;
		};
/* End XCConfigurationList section */

/* Begin XCVersionGroup section */
		6F0BB3CE21D6841B00281535 /* IOHw1.xcdatamodeld */ = {
			isa = XCVersionGroup;
			children = (
				6F0BB3CF21D6841B00281535 /* IOHw1.xcdatamodel */,
			);
			currentVersion = 6F0BB3CF21D6841B00281535 /* IOHw1.xcdatamodel */;
			path = IOHw1.xcdatamodeld;
			sourceTree = "<group>";
			versionGroupType = wrapper.xcdatamodel;
		};
/* End XCVersionGroup section */
	};
	rootObject = 6F0BB3BC21D6841B00281535 /* Project object */;
}
